
Microsoft Visual Studio Solution File, Format Version 12.00
# Visual Studio Version 16
VisualStudioVersion = 16.0.32106.194
MinimumVisualStudioVersion = 10.0.40219.1
Project("{9A19103F-16F7-4668-BE54-9A1E7A4F7556}") = "SolarEdge.Monitoring.Demo", "src\SolarEdge.Monitoring.Demo\SolarEdge.Monitoring.Demo.csproj", "{64774182-DC8D-4397-AFCB-BAF138A8892E}"
EndProject
Project("{2150E333-8FDC-42A3-9474-1A3956D46DE8}") = "src", "src", "{F74DBA9A-D9F2-4CA2-A78C-921EBF9D4302}"
EndProject
Project("{2150E333-8FDC-42A3-9474-1A3956D46DE8}") = "Solution Items", "Solution Items", "{7C130DF9-C4B4-4DC9-890E-79B6A0513EC8}"
	ProjectSection(SolutionItems) = preProject
		LICENSE = LICENSE
		README.md = README.md
	EndProjectSection
EndProject
Project("{E53339B2-1760-4266-BCC7-CA923CBCF16C}") = "docker-compose", "docker-compose.dcproj", "{4DE8AD94-91D7-404E-9945-C5C7A06D3AB3}"
EndProject
Global
	GlobalSection(SolutionConfigurationPlatforms) = preSolution
		Debug|Any CPU = Debug|Any CPU
		Release|Any CPU = Release|Any CPU
	EndGlobalSection
	GlobalSection(ProjectConfigurationPlatforms) = postSolution
		{64774182-DC8D-4397-AFCB-BAF138A8892E}.Debug|Any CPU.ActiveCfg = Debug|Any CPU
		{64774182-DC8D-4397-AFCB-BAF138A8892E}.Debug|Any CPU.Build.0 = Debug|Any CPU
		{64774182-DC8D-4397-AFCB-BAF138A8892E}.Release|Any CPU.ActiveCfg = Release|Any CPU
		{64774182-DC8D-4397-AFCB-BAF138A8892E}.Release|Any CPU.Build.0 = Release|Any CPU
		{4DE8AD94-91D7-404E-9945-C5C7A06D3AB3}.Debug|Any CPU.ActiveCfg = Debug|Any CPU
		{4DE8AD94-91D7-404E-9945-C5C7A06D3AB3}.Debug|Any CPU.Build.0 = Debug|Any CPU
		{4DE8AD94-91D7-404E-9945-C5C7A06D3AB3}.Release|Any CPU.ActiveCfg = Release|Any CPU
		{4DE8AD94-91D7-404E-9945-C5C7A06D3AB3}.Release|Any CPU.Build.0 = Release|Any CPU
	EndGlobalSection
	GlobalSection(SolutionProperties) = preSolution
		HideSolutionNode = FALSE
	EndGlobalSection
	GlobalSection(NestedProjects) = preSolution
		{64774182-DC8D-4397-AFCB-BAF138A8892E} = {F74DBA9A-D9F2-4CA2-A78C-921EBF9D4302}
	EndGlobalSection
	GlobalSection(ExtensibilityGlobals) = postSolution
		SolutionGuid = {04806704-37DE-4B49-80C1-9A7A4D82E500}
	EndGlobalSection
EndGlobal
